
Microsoft Visual Studio Solution File, Format Version 12.00
# Visual Studio Version 17
VisualStudioVersion = 17.7.34031.279
MinimumVisualStudioVersion = 10.0.40219.1
Project("{FAE04EC0-301F-11D3-BF4B-00C04F79EFBC}") = "FootballWorldCupBoard", "FootballWorldCupBoard\FootballWorldCupBoard.csproj", "{B221482F-4324-41D5-87D5-11C8F1C368B2}"
EndProject
Global
	GlobalSection(SolutionConfigurationPlatforms) = preSolution
		Debug|Any CPU = Debug|Any CPU
		Release|Any CPU = Release|Any CPU
	EndGlobalSection
	GlobalSection(ProjectConfigurationPlatforms) = postSolution
		{B221482F-4324-41D5-87D5-11C8F1C368B2}.Debug|Any CPU.ActiveCfg = Debug|Any CPU
		{B221482F-4324-41D5-87D5-11C8F1C368B2}.Debug|Any CPU.Build.0 = Debug|Any CPU
		{B221482F-4324-41D5-87D5-11C8F1C368B2}.Release|Any CPU.ActiveCfg = Release|Any CPU
		{B221482F-4324-41D5-87D5-11C8F1C368B2}.Release|Any CPU.Build.0 = Release|Any CPU
	EndGlobalSection
	GlobalSection(SolutionProperties) = preSolution
		HideSolutionNode = FALSE
	EndGlobalSection
	GlobalSection(ExtensibilityGlobals) = postSolution
		SolutionGuid = {11058846-674E-409A-B979-433802E9C400}
	EndGlobalSection
EndGlobal
